PODS:
  - Nimble (7.3.1)
  - Quick (1.3.2)
  - SwiftLint (0.29.1)
  - XCTest-Gherkin (0.18.0):
    - XCTest-Gherkin/Core (= 0.18.0)
  - XCTest-Gherkin/Core (0.18.0)

DEPENDENCIES:
  - Nimble (~> 7.3.1)
  - Quick
  - SwiftLint
  - XCTest-Gherkin

SPEC REPOS:
  https://github.com/cocoapods/specs.git:
    - Nimble
    - Quick
    - SwiftLint
    - XCTest-Gherkin

SPEC CHECKSUMS:
  Nimble: 04f732da099ea4d153122aec8c2a88fd0c7219ae
  Quick: 2623cb30d7a7f41ca62f684f679586558f483d46
  SwiftLint: 6772320e40b52049053a518c17db9b0634a0b45a
  XCTest-Gherkin: dcd08cf80c456c46edc7a1cfb18d3a8f4fa3293c

PODFILE CHECKSUM: 9adbc8780bad1405863fecb6a072887ed7a68557

COCOAPODS: 1.5.3
