// !$*UTF8*$!
{
	archiveVersion = 1;
	classes = {
	};
	objectVersion = 50;
	objects = {

/* Begin PBXBuildFile section */
		0D29EE44B3693151BBEEBBC2 /* Pods_HabitsTests.framework in Frameworks */ = {isa = PBXBuildFile; fileRef = 9E7E34C3DC879F25A3BEB44C /* Pods_HabitsTests.framework */; };
		B1A0F544502D5C56B8D80D2B /* Pods_HabitsUITests.framework in Frameworks */ = {isa = PBXBuildFile; fileRef = 5AB5F9BDBAD1038C44A664A1 /* Pods_HabitsUITests.framework */; };
		B831821BC1C92C34AEAEA480 /* Pods_Habits.framework in Frameworks */ = {isa = PBXBuildFile; fileRef = 85AD2E7FC1DB61CE5C55A44F /* Pods_Habits.framework */; };
		DF51E0E221CC9C7500F770C0 /* HabitSteps.swift in Sources */ = {isa = PBXBuildFile; fileRef = DF51E0E121CC9C7500F770C0 /* HabitSteps.swift */; };
		DF51E0E821CFDD4800F770C0 /* HabitEntity.swift in Sources */ = {isa = PBXBuildFile; fileRef = DF51E0E721CFDD4800F770C0 /* HabitEntity.swift */; };
		DF51E0EA21CFEAE200F770C0 /* HabitCell.swift in Sources */ = {isa = PBXBuildFile; fileRef = DF51E0E921CFEAE200F770C0 /* HabitCell.swift */; };
		DF81316321CB309F003434E2 /* AppDelegate.swift in Sources */ = {isa = PBXBuildFile; fileRef = DF81316221CB309F003434E2 /* AppDelegate.swift */; };
		DF81316521CB30A0003434E2 /* HabitsViewController.swift in Sources */ = {isa = PBXBuildFile; fileRef = DF81316421CB30A0003434E2 /* HabitsViewController.swift */; };
		DF81316821CB30A0003434E2 /* Main.storyboard in Resources */ = {isa = PBXBuildFile; fileRef = DF81316621CB30A0003434E2 /* Main.storyboard */; };
		DF81316A21CB30A1003434E2 /* Assets.xcassets in Resources */ = {isa = PBXBuildFile; fileRef = DF81316921CB30A1003434E2 /* Assets.xcassets */; };
		DF81316D21CB30A1003434E2 /* LaunchScreen.storyboard in Resources */ = {isa = PBXBuildFile; fileRef = DF81316B21CB30A1003434E2 /* LaunchScreen.storyboard */; };
		DF81318321CB30A1003434E2 /* HabitsUITests.swift in Sources */ = {isa = PBXBuildFile; fileRef = DF81318221CB30A1003434E2 /* HabitsUITests.swift */; };
		DF826C4821D065BA00A525B2 /* HabitDataSource.swift in Sources */ = {isa = PBXBuildFile; fileRef = DF826C4721D065BA00A525B2 /* HabitDataSource.swift */; };
		DF826C4A21D068A100A525B2 /* HabitDataSourceTest.swift in Sources */ = {isa = PBXBuildFile; fileRef = DF826C4921D068A100A525B2 /* HabitDataSourceTest.swift */; };
		DFC409A521EACD8F0020AF73 /* HabitChoices.swift in Sources */ = {isa = PBXBuildFile; fileRef = DFC409A421EACD8F0020AF73 /* HabitChoices.swift */; };
		DFDC4F7C21D093B200C95C13 /* DataSource.swift in Sources */ = {isa = PBXBuildFile; fileRef = DFDC4F7B21D093B200C95C13 /* DataSource.swift */; };
		DFDC4F7E21D1318700C95C13 /* HabitTests.swift in Sources */ = {isa = PBXBuildFile; fileRef = DFDC4F7D21D1318700C95C13 /* HabitTests.swift */; };
		DFDC4FA921D5A0D500C95C13 /* NewHabitViewController.swift in Sources */ = {isa = PBXBuildFile; fileRef = DFDC4FA821D5A0D500C95C13 /* NewHabitViewController.swift */; };
		DFDC4FAB21D5C16D00C95C13 /* NavigationUITests.swift in Sources */ = {isa = PBXBuildFile; fileRef = DFDC4FAA21D5C16D00C95C13 /* NavigationUITests.swift */; };
		DFDC4FAD21D5C18100C95C13 /* NavigationSteps.swift in Sources */ = {isa = PBXBuildFile; fileRef = DFDC4FAC21D5C18100C95C13 /* NavigationSteps.swift */; };
		DFDC4FB321E8FBE900C95C13 /* HabitViewController.swift in Sources */ = {isa = PBXBuildFile; fileRef = DFDC4FB221E8FBE900C95C13 /* HabitViewController.swift */; };
/* End PBXBuildFile section */

/* Begin PBXContainerItemProxy section */
		DF81317421CB30A1003434E2 /* PBXContainerItemProxy */ = {
			isa = PBXContainerItemProxy;
			containerPortal = DF81315721CB309F003434E2 /* Project object */;
			proxyType = 1;
			remoteGlobalIDString = DF81315E21CB309F003434E2;
			remoteInfo = Habits;
		};
		DF81317F21CB30A1003434E2 /* PBXContainerItemProxy */ = {
			isa = PBXContainerItemProxy;
			containerPortal = DF81315721CB309F003434E2 /* Project object */;
			proxyType = 1;
			remoteGlobalIDString = DF81315E21CB309F003434E2;
			remoteInfo = Habits;
		};
/* End PBXContainerItemProxy section */

/* Begin PBXFileReference section */
		20640C5565F145292D8D841A /* Pods-HabitsTests.debug.xcconfig */ = {isa = PBXFileReference; includeInIndex = 1; lastKnownFileType = text.xcconfig; name = "Pods-HabitsTests.debug.xcconfig"; path = "Pods/Target Support Files/Pods-HabitsTests/Pods-HabitsTests.debug.xcconfig"; sourceTree = "<group>"; };
		5AB5F9BDBAD1038C44A664A1 /* Pods_HabitsUITests.framework */ = {isa = PBXFileReference; explicitFileType = wrapper.framework; includeInIndex = 0; path = Pods_HabitsUITests.framework; sourceTree = BUILT_PRODUCTS_DIR; };
		61010EF3C8108859A983601C /* Pods-Habits.release.xcconfig */ = {isa = PBXFileReference; includeInIndex = 1; lastKnownFileType = text.xcconfig; name = "Pods-Habits.release.xcconfig"; path = "Pods/Target Support Files/Pods-Habits/Pods-Habits.release.xcconfig"; sourceTree = "<group>"; };
		85AD2E7FC1DB61CE5C55A44F /* Pods_Habits.framework */ = {isa = PBXFileReference; explicitFileType = wrapper.framework; includeInIndex = 0; path = Pods_Habits.framework; sourceTree = BUILT_PRODUCTS_DIR; };
		9E7E34C3DC879F25A3BEB44C /* Pods_HabitsTests.framework */ = {isa = PBXFileReference; explicitFileType = wrapper.framework; includeInIndex = 0; path = Pods_HabitsTests.framework; sourceTree = BUILT_PRODUCTS_DIR; };
		A935B1B561E279AC31B20026 /* Pods-HabitsUITests.debug.xcconfig */ = {isa = PBXFileReference; includeInIndex = 1; lastKnownFileType = text.xcconfig; name = "Pods-HabitsUITests.debug.xcconfig"; path = "Pods/Target Support Files/Pods-HabitsUITests/Pods-HabitsUITests.debug.xcconfig"; sourceTree = "<group>"; };
		AFF818BF946BFD597FFC97EC /* Pods-HabitsUITests.release.xcconfig */ = {isa = PBXFileReference; includeInIndex = 1; lastKnownFileType = text.xcconfig; name = "Pods-HabitsUITests.release.xcconfig"; path = "Pods/Target Support Files/Pods-HabitsUITests/Pods-HabitsUITests.release.xcconfig"; sourceTree = "<group>"; };
		C7CCD31BAEF6C95215514D97 /* Pods-HabitsTests.release.xcconfig */ = {isa = PBXFileReference; includeInIndex = 1; lastKnownFileType = text.xcconfig; name = "Pods-HabitsTests.release.xcconfig"; path = "Pods/Target Support Files/Pods-HabitsTests/Pods-HabitsTests.release.xcconfig"; sourceTree = "<group>"; };
		DF51E0E121CC9C7500F770C0 /* HabitSteps.swift */ = {isa = PBXFileReference; lastKnownFileType = sourcecode.swift; path = HabitSteps.swift; sourceTree = "<group>"; };
		DF51E0E721CFDD4800F770C0 /* HabitEntity.swift */ = {isa = PBXFileReference; lastKnownFileType = sourcecode.swift; path = HabitEntity.swift; sourceTree = "<group>"; };
		DF51E0E921CFEAE200F770C0 /* HabitCell.swift */ = {isa = PBXFileReference; lastKnownFileType = sourcecode.swift; path = HabitCell.swift; sourceTree = "<group>"; };
		DF81315F21CB309F003434E2 /* Habits.app */ = {isa = PBXFileReference; explicitFileType = wrapper.application; includeInIndex = 0; path = Habits.app; sourceTree = BUILT_PRODUCTS_DIR; };
		DF81316221CB309F003434E2 /* AppDelegate.swift */ = {isa = PBXFileReference; lastKnownFileType = sourcecode.swift; path = AppDelegate.swift; sourceTree = "<group>"; };
		DF81316421CB30A0003434E2 /* HabitsViewController.swift */ = {isa = PBXFileReference; lastKnownFileType = sourcecode.swift; path = HabitsViewController.swift; sourceTree = "<group>"; };
		DF81316721CB30A0003434E2 /* Base */ = {isa = PBXFileReference; lastKnownFileType = file.storyboard; name = Base; path = Base.lproj/Main.storyboard; sourceTree = "<group>"; };
		DF81316921CB30A1003434E2 /* Assets.xcassets */ = {isa = PBXFileReference; lastKnownFileType = folder.assetcatalog; path = Assets.xcassets; sourceTree = "<group>"; };
		DF81316C21CB30A1003434E2 /* Base */ = {isa = PBXFileReference; lastKnownFileType = file.storyboard; name = Base; path = Base.lproj/LaunchScreen.storyboard; sourceTree = "<group>"; };
		DF81316E21CB30A1003434E2 /* Info.plist */ = {isa = PBXFileReference; lastKnownFileType = text.plist.xml; path = Info.plist; sourceTree = "<group>"; };
		DF81317321CB30A1003434E2 /* HabitsTests.xctest */ = {isa = PBXFileReference; explicitFileType = wrapper.cfbundle; includeInIndex = 0; path = HabitsTests.xctest; sourceTree = BUILT_PRODUCTS_DIR; };
		DF81317921CB30A1003434E2 /* Info.plist */ = {isa = PBXFileReference; lastKnownFileType = text.plist.xml; path = Info.plist; sourceTree = "<group>"; };
		DF81317E21CB30A1003434E2 /* HabitsUITests.xctest */ = {isa = PBXFileReference; explicitFileType = wrapper.cfbundle; includeInIndex = 0; path = HabitsUITests.xctest; sourceTree = BUILT_PRODUCTS_DIR; };
		DF81318221CB30A1003434E2 /* HabitsUITests.swift */ = {isa = PBXFileReference; lastKnownFileType = sourcecode.swift; path = HabitsUITests.swift; sourceTree = "<group>"; };
		DF81318421CB30A1003434E2 /* Info.plist */ = {isa = PBXFileReference; lastKnownFileType = text.plist.xml; path = Info.plist; sourceTree = "<group>"; };
		DF826C4721D065BA00A525B2 /* HabitDataSource.swift */ = {isa = PBXFileReference; lastKnownFileType = sourcecode.swift; path = HabitDataSource.swift; sourceTree = "<group>"; };
		DF826C4921D068A100A525B2 /* HabitDataSourceTest.swift */ = {isa = PBXFileReference; lastKnownFileType = sourcecode.swift; path = HabitDataSourceTest.swift; sourceTree = "<group>"; };
		DFC409A421EACD8F0020AF73 /* HabitChoices.swift */ = {isa = PBXFileReference; lastKnownFileType = sourcecode.swift; path = HabitChoices.swift; sourceTree = "<group>"; };
		DFDC4F7B21D093B200C95C13 /* DataSource.swift */ = {isa = PBXFileReference; lastKnownFileType = sourcecode.swift; path = DataSource.swift; sourceTree = "<group>"; };
		DFDC4F7D21D1318700C95C13 /* HabitTests.swift */ = {isa = PBXFileReference; lastKnownFileType = sourcecode.swift; path = HabitTests.swift; sourceTree = "<group>"; };
		DFDC4FA821D5A0D500C95C13 /* NewHabitViewController.swift */ = {isa = PBXFileReference; lastKnownFileType = sourcecode.swift; path = NewHabitViewController.swift; sourceTree = "<group>"; };
		DFDC4FAA21D5C16D00C95C13 /* NavigationUITests.swift */ = {isa = PBXFileReference; lastKnownFileType = sourcecode.swift; path = NavigationUITests.swift; sourceTree = "<group>"; };
		DFDC4FAC21D5C18100C95C13 /* NavigationSteps.swift */ = {isa = PBXFileReference; lastKnownFileType = sourcecode.swift; path = NavigationSteps.swift; sourceTree = "<group>"; };
		DFDC4FB221E8FBE900C95C13 /* HabitViewController.swift */ = {isa = PBXFileReference; lastKnownFileType = sourcecode.swift; path = HabitViewController.swift; sourceTree = "<group>"; };
		ED1FE072B05A2C53A1344E5E /* Pods-Habits.debug.xcconfig */ = {isa = PBXFileReference; includeInIndex = 1; lastKnownFileType = text.xcconfig; name = "Pods-Habits.debug.xcconfig"; path = "Pods/Target Support Files/Pods-Habits/Pods-Habits.debug.xcconfig"; sourceTree = "<group>"; };
/* End PBXFileReference section */

/* Begin PBXFrameworksBuildPhase section */
		DF81315C21CB309F003434E2 /* Frameworks */ = {
			isa = PBXFrameworksBuildPhase;
			buildActionMask = 2147483647;
			files = (
				B831821BC1C92C34AEAEA480 /* Pods_Habits.framework in Frameworks */,
			);
			runOnlyForDeploymentPostprocessing = 0;
		};
		DF81317021CB30A1003434E2 /* Frameworks */ = {
			isa = PBXFrameworksBuildPhase;
			buildActionMask = 2147483647;
			files = (
				0D29EE44B3693151BBEEBBC2 /* Pods_HabitsTests.framework in Frameworks */,
			);
			runOnlyForDeploymentPostprocessing = 0;
		};
		DF81317B21CB30A1003434E2 /* Frameworks */ = {
			isa = PBXFrameworksBuildPhase;
			buildActionMask = 2147483647;
			files = (
				B1A0F544502D5C56B8D80D2B /* Pods_HabitsUITests.framework in Frameworks */,
			);
			runOnlyForDeploymentPostprocessing = 0;
		};
/* End PBXFrameworksBuildPhase section */

/* Begin PBXGroup section */
		CB674D25213615B5CE080BE3 /* Frameworks */ = {
			isa = PBXGroup;
			children = (
				85AD2E7FC1DB61CE5C55A44F /* Pods_Habits.framework */,
				9E7E34C3DC879F25A3BEB44C /* Pods_HabitsTests.framework */,
				5AB5F9BDBAD1038C44A664A1 /* Pods_HabitsUITests.framework */,
			);
			name = Frameworks;
			sourceTree = "<group>";
		};
		D6D7DD62E3A0250637761ECE /* Pods */ = {
			isa = PBXGroup;
			children = (
				ED1FE072B05A2C53A1344E5E /* Pods-Habits.debug.xcconfig */,
				61010EF3C8108859A983601C /* Pods-Habits.release.xcconfig */,
				20640C5565F145292D8D841A /* Pods-HabitsTests.debug.xcconfig */,
				C7CCD31BAEF6C95215514D97 /* Pods-HabitsTests.release.xcconfig */,
				A935B1B561E279AC31B20026 /* Pods-HabitsUITests.debug.xcconfig */,
				AFF818BF946BFD597FFC97EC /* Pods-HabitsUITests.release.xcconfig */,
			);
			name = Pods;
			sourceTree = "<group>";
		};
		DF81315621CB309F003434E2 = {
			isa = PBXGroup;
			children = (
				DF81316121CB309F003434E2 /* Habits */,
				DF81317621CB30A1003434E2 /* HabitsTests */,
				DF81318121CB30A1003434E2 /* HabitsUITests */,
				DF81316021CB309F003434E2 /* Products */,
				D6D7DD62E3A0250637761ECE /* Pods */,
				CB674D25213615B5CE080BE3 /* Frameworks */,
			);
			sourceTree = "<group>";
		};
		DF81316021CB309F003434E2 /* Products */ = {
			isa = PBXGroup;
			children = (
				DF81315F21CB309F003434E2 /* Habits.app */,
				DF81317321CB30A1003434E2 /* HabitsTests.xctest */,
				DF81317E21CB30A1003434E2 /* HabitsUITests.xctest */,
			);
			name = Products;
			sourceTree = "<group>";
		};
		DF81316121CB309F003434E2 /* Habits */ = {
			isa = PBXGroup;
			children = (
				DFDC4FB721E8FD9800C95C13 /* Habit */,
				DFDC4FB621E8FD7100C95C13 /* NewHabit */,
				DFDC4FB421E8FCE800C95C13 /* HabitsCollection */,
				DFDC4FB521E8FD1900C95C13 /* DataSource */,
				DF81316621CB30A0003434E2 /* Main.storyboard */,
				DF51E0E721CFDD4800F770C0 /* HabitEntity.swift */,
				DF81316221CB309F003434E2 /* AppDelegate.swift */,
				DF81316921CB30A1003434E2 /* Assets.xcassets */,
				DF81316B21CB30A1003434E2 /* LaunchScreen.storyboard */,
				DF81316E21CB30A1003434E2 /* Info.plist */,
			);
			path = Habits;
			sourceTree = "<group>";
		};
		DF81317621CB30A1003434E2 /* HabitsTests */ = {
			isa = PBXGroup;
			children = (
				DF81317921CB30A1003434E2 /* Info.plist */,
				DF826C4921D068A100A525B2 /* HabitDataSourceTest.swift */,
				DFDC4F7D21D1318700C95C13 /* HabitTests.swift */,
			);
			path = HabitsTests;
			sourceTree = "<group>";
		};
		DF81318121CB30A1003434E2 /* HabitsUITests */ = {
			isa = PBXGroup;
			children = (
				DF81318221CB30A1003434E2 /* HabitsUITests.swift */,
				DF51E0E121CC9C7500F770C0 /* HabitSteps.swift */,
				DF81318421CB30A1003434E2 /* Info.plist */,
				DFDC4FAA21D5C16D00C95C13 /* NavigationUITests.swift */,
				DFDC4FAC21D5C18100C95C13 /* NavigationSteps.swift */,
			);
			path = HabitsUITests;
			sourceTree = "<group>";
		};
		DFDC4FB421E8FCE800C95C13 /* HabitsCollection */ = {
			isa = PBXGroup;
			children = (
				DF81316421CB30A0003434E2 /* HabitsViewController.swift */,
				DF51E0E921CFEAE200F770C0 /* HabitCell.swift */,
			);
			path = HabitsCollection;
			sourceTree = "<group>";
		};
		DFDC4FB521E8FD1900C95C13 /* DataSource */ = {
			isa = PBXGroup;
			children = (
				DF826C4721D065BA00A525B2 /* HabitDataSource.swift */,
				DFDC4F7B21D093B200C95C13 /* DataSource.swift */,
			);
			path = DataSource;
			sourceTree = "<group>";
		};
		DFDC4FB621E8FD7100C95C13 /* NewHabit */ = {
			isa = PBXGroup;
			children = (
				DFDC4FA821D5A0D500C95C13 /* NewHabitViewController.swift */,
				DFC409A421EACD8F0020AF73 /* HabitChoices.swift */,
			);
			path = NewHabit;
			sourceTree = "<group>";
		};
		DFDC4FB721E8FD9800C95C13 /* Habit */ = {
			isa = PBXGroup;
			children = (
				DFDC4FB221E8FBE900C95C13 /* HabitViewController.swift */,
			);
			path = Habit;
			sourceTree = "<group>";
		};
/* End PBXGroup section */

/* Begin PBXNativeTarget section */
		DF81315E21CB309F003434E2 /* Habits */ = {
			isa = PBXNativeTarget;
			buildConfigurationList = DF81318721CB30A1003434E2 /* Build configuration list for PBXNativeTarget "Habits" */;
			buildPhases = (
				EE39138878B6ED596C7EED4C /* [CP] Check Pods Manifest.lock */,
				DF81315B21CB309F003434E2 /* Sources */,
				DF81315C21CB309F003434E2 /* Frameworks */,
				DF81315D21CB309F003434E2 /* Resources */,
				14402475548C5252A893C248 /* [CP] Embed Pods Frameworks */,
			);
			buildRules = (
			);
			dependencies = (
			);
			name = Habits;
			productName = Habits;
			productReference = DF81315F21CB309F003434E2 /* Habits.app */;
			productType = "com.apple.product-type.application";
		};
		DF81317221CB30A1003434E2 /* HabitsTests */ = {
			isa = PBXNativeTarget;
			buildConfigurationList = DF81318A21CB30A1003434E2 /* Build configuration list for PBXNativeTarget "HabitsTests" */;
			buildPhases = (
				3DE50A2C986B48DBA8D7C380 /* [CP] Check Pods Manifest.lock */,
				DF81316F21CB30A1003434E2 /* Sources */,
				DF81317021CB30A1003434E2 /* Frameworks */,
				DF81317121CB30A1003434E2 /* Resources */,
			);
			buildRules = (
			);
			dependencies = (
				DF81317521CB30A1003434E2 /* PBXTargetDependency */,
			);
			name = HabitsTests;
			productName = HabitsTests;
			productReference = DF81317321CB30A1003434E2 /* HabitsTests.xctest */;
			productType = "com.apple.product-type.bundle.unit-test";
		};
		DF81317D21CB30A1003434E2 /* HabitsUITests */ = {
			isa = PBXNativeTarget;
			buildConfigurationList = DF81318D21CB30A1003434E2 /* Build configuration list for PBXNativeTarget "HabitsUITests" */;
			buildPhases = (
				A7BDF588FD1AC91CDDF8EB83 /* [CP] Check Pods Manifest.lock */,
				DF81317A21CB30A1003434E2 /* Sources */,
				DF81317B21CB30A1003434E2 /* Frameworks */,
				DF81317C21CB30A1003434E2 /* Resources */,
				5537605D1C1DC1094B7B0E78 /* [CP] Embed Pods Frameworks */,
			);
			buildRules = (
			);
			dependencies = (
				DF81318021CB30A1003434E2 /* PBXTargetDependency */,
			);
			name = HabitsUITests;
			productName = HabitsUITests;
			productReference = DF81317E21CB30A1003434E2 /* HabitsUITests.xctest */;
			productType = "com.apple.product-type.bundle.ui-testing";
		};
/* End PBXNativeTarget section */

/* Begin PBXProject section */
		DF81315721CB309F003434E2 /* Project object */ = {
			isa = PBXProject;
			attributes = {
				LastSwiftUpdateCheck = 1010;
				LastUpgradeCheck = 1010;
				ORGANIZATIONNAME = "Sarah Lichter";
				TargetAttributes = {
					DF81315E21CB309F003434E2 = {
						CreatedOnToolsVersion = 10.1;
					};
					DF81317221CB30A1003434E2 = {
						CreatedOnToolsVersion = 10.1;
						TestTargetID = DF81315E21CB309F003434E2;
					};
					DF81317D21CB30A1003434E2 = {
						CreatedOnToolsVersion = 10.1;
						TestTargetID = DF81315E21CB309F003434E2;
					};
				};
			};
			buildConfigurationList = DF81315A21CB309F003434E2 /* Build configuration list for PBXProject "Habits" */;
			compatibilityVersion = "Xcode 9.3";
			developmentRegion = en;
			hasScannedForEncodings = 0;
			knownRegions = (
				en,
				Base,
			);
			mainGroup = DF81315621CB309F003434E2;
			productRefGroup = DF81316021CB309F003434E2 /* Products */;
			projectDirPath = "";
			projectRoot = "";
			targets = (
				DF81315E21CB309F003434E2 /* Habits */,
				DF81317221CB30A1003434E2 /* HabitsTests */,
				DF81317D21CB30A1003434E2 /* HabitsUITests */,
			);
		};
/* End PBXProject section */

/* Begin PBXResourcesBuildPhase section */
		DF81315D21CB309F003434E2 /* Resources */ = {
			isa = PBXResourcesBuildPhase;
			buildActionMask = 2147483647;
			files = (
				DF81316D21CB30A1003434E2 /* LaunchScreen.storyboard in Resources */,
				DF81316A21CB30A1003434E2 /* Assets.xcassets in Resources */,
				DF81316821CB30A0003434E2 /* Main.storyboard in Resources */,
			);
			runOnlyForDeploymentPostprocessing = 0;
		};
		DF81317121CB30A1003434E2 /* Resources */ = {
			isa = PBXResourcesBuildPhase;
			buildActionMask = 2147483647;
			files = (
			);
			runOnlyForDeploymentPostprocessing = 0;
		};
		DF81317C21CB30A1003434E2 /* Resources */ = {
			isa = PBXResourcesBuildPhase;
			buildActionMask = 2147483647;
			files = (
			);
			runOnlyForDeploymentPostprocessing = 0;
		};
/* End PBXResourcesBuildPhase section */

/* Begin PBXShellScriptBuildPhase section */
		14402475548C5252A893C248 /* [CP] Embed Pods Frameworks */ = {
			isa = PBXShellScriptBuildPhase;
			buildActionMask = 2147483647;
			files = (
			);
			inputFileListPaths = (
			);
			inputPaths = (
				"${SRCROOT}/Pods/Target Support Files/Pods-Habits/Pods-Habits-frameworks.sh",
				"${BUILT_PRODUCTS_DIR}/Realm/Realm.framework",
				"${BUILT_PRODUCTS_DIR}/RealmSwift/RealmSwift.framework",
			);
			name = "[CP] Embed Pods Frameworks";
			outputFileListPaths = (
			);
			outputPaths = (
				"${TARGET_BUILD_DIR}/${FRAMEWORKS_FOLDER_PATH}/Realm.framework",
				"${TARGET_BUILD_DIR}/${FRAMEWORKS_FOLDER_PATH}/RealmSwift.framework",
			);
			runOnlyForDeploymentPostprocessing = 0;
			shellPath = /bin/sh;
			shellScript = "\"${SRCROOT}/Pods/Target Support Files/Pods-Habits/Pods-Habits-frameworks.sh\"\n";
			showEnvVarsInLog = 0;
		};
		3DE50A2C986B48DBA8D7C380 /* [CP] Check Pods Manifest.lock */ = {
			isa = PBXShellScriptBuildPhase;
			buildActionMask = 2147483647;
			files = (
			);
			inputFileListPaths = (
			);
			inputPaths = (
				"${PODS_PODFILE_DIR_PATH}/Podfile.lock",
				"${PODS_ROOT}/Manifest.lock",
			);
			name = "[CP] Check Pods Manifest.lock";
			outputFileListPaths = (
			);
			outputPaths = (
				"$(DERIVED_FILE_DIR)/Pods-HabitsTests-checkManifestLockResult.txt",
			);
			runOnlyForDeploymentPostprocessing = 0;
			shellPath = /bin/sh;
			shellScript = "diff \"${PODS_PODFILE_DIR_PATH}/Podfile.lock\" \"${PODS_ROOT}/Manifest.lock\" > /dev/null\nif [ $? != 0 ] ; then\n    # print error to STDERR\n    echo \"error: The sandbox is not in sync with the Podfile.lock. Run 'pod install' or update your CocoaPods installation.\" >&2\n    exit 1\nfi\n# This output is used by Xcode 'outputs' to avoid re-running this script phase.\necho \"SUCCESS\" > \"${SCRIPT_OUTPUT_FILE_0}\"\n";
			showEnvVarsInLog = 0;
		};
		5537605D1C1DC1094B7B0E78 /* [CP] Embed Pods Frameworks */ = {
			isa = PBXShellScriptBuildPhase;
			buildActionMask = 2147483647;
			files = (
			);
			inputFileListPaths = (
			);
			inputPaths = (
				"${SRCROOT}/Pods/Target Support Files/Pods-HabitsUITests/Pods-HabitsUITests-frameworks.sh",
				"${BUILT_PRODUCTS_DIR}/XCTest-Gherkin/XCTest_Gherkin.framework",
			);
			name = "[CP] Embed Pods Frameworks";
			outputFileListPaths = (
			);
			outputPaths = (
				"${TARGET_BUILD_DIR}/${FRAMEWORKS_FOLDER_PATH}/XCTest_Gherkin.framework",
			);
			runOnlyForDeploymentPostprocessing = 0;
			shellPath = /bin/sh;
			shellScript = "\"${SRCROOT}/Pods/Target Support Files/Pods-HabitsUITests/Pods-HabitsUITests-frameworks.sh\"\n";
			showEnvVarsInLog = 0;
		};
		A7BDF588FD1AC91CDDF8EB83 /* [CP] Check Pods Manifest.lock */ = {
			isa = PBXShellScriptBuildPhase;
			buildActionMask = 2147483647;
			files = (
			);
			inputFileListPaths = (
			);
			inputPaths = (
				"${PODS_PODFILE_DIR_PATH}/Podfile.lock",
				"${PODS_ROOT}/Manifest.lock",
			);
			name = "[CP] Check Pods Manifest.lock";
			outputFileListPaths = (
			);
			outputPaths = (
				"$(DERIVED_FILE_DIR)/Pods-HabitsUITests-checkManifestLockResult.txt",
			);
			runOnlyForDeploymentPostprocessing = 0;
			shellPath = /bin/sh;
			shellScript = "diff \"${PODS_PODFILE_DIR_PATH}/Podfile.lock\" \"${PODS_ROOT}/Manifest.lock\" > /dev/null\nif [ $? != 0 ] ; then\n    # print error to STDERR\n    echo \"error: The sandbox is not in sync with the Podfile.lock. Run 'pod install' or update your CocoaPods installation.\" >&2\n    exit 1\nfi\n# This output is used by Xcode 'outputs' to avoid re-running this script phase.\necho \"SUCCESS\" > \"${SCRIPT_OUTPUT_FILE_0}\"\n";
			showEnvVarsInLog = 0;
		};
		EE39138878B6ED596C7EED4C /* [CP] Check Pods Manifest.lock */ = {
			isa = PBXShellScriptBuildPhase;
			buildActionMask = 2147483647;
			files = (
			);
			inputFileListPaths = (
			);
			inputPaths = (
				"${PODS_PODFILE_DIR_PATH}/Podfile.lock",
				"${PODS_ROOT}/Manifest.lock",
			);
			name = "[CP] Check Pods Manifest.lock";
			outputFileListPaths = (
			);
			outputPaths = (
				"$(DERIVED_FILE_DIR)/Pods-Habits-checkManifestLockResult.txt",
			);
			runOnlyForDeploymentPostprocessing = 0;
			shellPath = /bin/sh;
			shellScript = "diff \"${PODS_PODFILE_DIR_PATH}/Podfile.lock\" \"${PODS_ROOT}/Manifest.lock\" > /dev/null\nif [ $? != 0 ] ; then\n    # print error to STDERR\n    echo \"error: The sandbox is not in sync with the Podfile.lock. Run 'pod install' or update your CocoaPods installation.\" >&2\n    exit 1\nfi\n# This output is used by Xcode 'outputs' to avoid re-running this script phase.\necho \"SUCCESS\" > \"${SCRIPT_OUTPUT_FILE_0}\"\n";
			showEnvVarsInLog = 0;
		};
/* End PBXShellScriptBuildPhase section */

/* Begin PBXSourcesBuildPhase section */
		DF81315B21CB309F003434E2 /* Sources */ = {
			isa = PBXSourcesBuildPhase;
			buildActionMask = 2147483647;
			files = (
				DFDC4F7C21D093B200C95C13 /* DataSource.swift in Sources */,
				DFDC4FA921D5A0D500C95C13 /* NewHabitViewController.swift in Sources */,
				DF51E0E821CFDD4800F770C0 /* HabitEntity.swift in Sources */,
				DFDC4FB321E8FBE900C95C13 /* HabitViewController.swift in Sources */,
				DF826C4821D065BA00A525B2 /* HabitDataSource.swift in Sources */,
				DFC409A521EACD8F0020AF73 /* HabitChoices.swift in Sources */,
				DF81316521CB30A0003434E2 /* HabitsViewController.swift in Sources */,
				DF51E0EA21CFEAE200F770C0 /* HabitCell.swift in Sources */,
				DF81316321CB309F003434E2 /* AppDelegate.swift in Sources */,
			);
			runOnlyForDeploymentPostprocessing = 0;
		};
		DF81316F21CB30A1003434E2 /* Sources */ = {
			isa = PBXSourcesBuildPhase;
			buildActionMask = 2147483647;
			files = (
				DFDC4F7E21D1318700C95C13 /* HabitTests.swift in Sources */,
				DF826C4A21D068A100A525B2 /* HabitDataSourceTest.swift in Sources */,
			);
			runOnlyForDeploymentPostprocessing = 0;
		};
		DF81317A21CB30A1003434E2 /* Sources */ = {
			isa = PBXSourcesBuildPhase;
			buildActionMask = 2147483647;
			files = (
				DF51E0E221CC9C7500F770C0 /* HabitSteps.swift in Sources */,
				DFDC4FAB21D5C16D00C95C13 /* NavigationUITests.swift in Sources */,
				DF81318321CB30A1003434E2 /* HabitsUITests.swift in Sources */,
				DFDC4FAD21D5C18100C95C13 /* NavigationSteps.swift in Sources */,
			);
			runOnlyForDeploymentPostprocessing = 0;
		};
/* End PBXSourcesBuildPhase section */

/* Begin PBXTargetDependency section */
		DF81317521CB30A1003434E2 /* PBXTargetDependency */ = {
			isa = PBXTargetDependency;
			target = DF81315E21CB309F003434E2 /* Habits */;
			targetProxy = DF81317421CB30A1003434E2 /* PBXContainerItemProxy */;
		};
		DF81318021CB30A1003434E2 /* PBXTargetDependency */ = {
			isa = PBXTargetDependency;
			target = DF81315E21CB309F003434E2 /* Habits */;
			targetProxy = DF81317F21CB30A1003434E2 /* PBXContainerItemProxy */;
		};
/* End PBXTargetDependency section */

/* Begin PBXVariantGroup section */
		DF81316621CB30A0003434E2 /* Main.storyboard */ = {
			isa = PBXVariantGroup;
			children = (
				DF81316721CB30A0003434E2 /* Base */,
			);
			name = Main.storyboard;
			sourceTree = "<group>";
		};
		DF81316B21CB30A1003434E2 /* LaunchScreen.storyboard */ = {
			isa = PBXVariantGroup;
			children = (
				DF81316C21CB30A1003434E2 /* Base */,
			);
			name = LaunchScreen.storyboard;
			sourceTree = "<group>";
		};
/* End PBXVariantGroup section */

/* Begin XCBuildConfiguration section */
		DF81318521CB30A1003434E2 /* Debug */ = {
			isa = XCBuildConfiguration;
			buildSettings = {
				ALWAYS_SEARCH_USER_PATHS = NO;
				CLANG_ANALYZER_NONNULL = YES;
				CLANG_ANALYZER_NUMBER_OBJECT_CONVERSION = YES_AGGRESSIVE;
				CLANG_CXX_LANGUAGE_STANDARD = "gnu++14";
				CLANG_CXX_LIBRARY = "libc++";
				CLANG_ENABLE_MODULES = YES;
				CLANG_ENABLE_OBJC_ARC = YES;
				CLANG_ENABLE_OBJC_WEAK = YES;
				CLANG_WARN_BLOCK_CAPTURE_AUTORELEASING = YES;
				CLANG_WARN_BOOL_CONVERSION = YES;
				CLANG_WARN_COMMA = YES;
				CLANG_WARN_CONSTANT_CONVERSION = YES;
				CLANG_WARN_DEPRECATED_OBJC_IMPLEMENTATIONS = YES;
				CLANG_WARN_DIRECT_OBJC_ISA_USAGE = YES_ERROR;
				CLANG_WARN_DOCUMENTATION_COMMENTS = YES;
				CLANG_WARN_EMPTY_BODY = YES;
				CLANG_WARN_ENUM_CONVERSION = YES;
				CLANG_WARN_INFINITE_RECURSION = YES;
				CLANG_WARN_INT_CONVERSION = YES;
				CLANG_WARN_NON_LITERAL_NULL_CONVERSION = YES;
				CLANG_WARN_OBJC_IMPLICIT_RETAIN_SELF = YES;
				CLANG_WARN_OBJC_LITERAL_CONVERSION = YES;
				CLANG_WARN_OBJC_ROOT_CLASS = YES_ERROR;
				CLANG_WARN_RANGE_LOOP_ANALYSIS = YES;
				CLANG_WARN_STRICT_PROTOTYPES = YES;
				CLANG_WARN_SUSPICIOUS_MOVE = YES;
				CLANG_WARN_UNGUARDED_AVAILABILITY = YES_AGGRESSIVE;
				CLANG_WARN_UNREACHABLE_CODE = YES;
				CLANG_WARN__DUPLICATE_METHOD_MATCH = YES;
				CODE_SIGN_IDENTITY = "iPhone Developer";
				COPY_PHASE_STRIP = NO;
				DEBUG_INFORMATION_FORMAT = dwarf;
				ENABLE_STRICT_OBJC_MSGSEND = YES;
				ENABLE_TESTABILITY = YES;
				GCC_C_LANGUAGE_STANDARD = gnu11;
				GCC_DYNAMIC_NO_PIC = NO;
				GCC_NO_COMMON_BLOCKS = YES;
				GCC_OPTIMIZATION_LEVEL = 0;
				GCC_PREPROCESSOR_DEFINITIONS = (
					"DEBUG=1",
					"$(inherited)",
				);
				GCC_WARN_64_TO_32_BIT_CONVERSION = YES;
				GCC_WARN_ABOUT_RETURN_TYPE = YES_ERROR;
				GCC_WARN_UNDECLARED_SELECTOR = YES;
				GCC_WARN_UNINITIALIZED_AUTOS = YES_AGGRESSIVE;
				GCC_WARN_UNUSED_FUNCTION = YES;
				GCC_WARN_UNUSED_VARIABLE = YES;
				IPHONEOS_DEPLOYMENT_TARGET = 12.1;
				MTL_ENABLE_DEBUG_INFO = INCLUDE_SOURCE;
				MTL_FAST_MATH = YES;
				ONLY_ACTIVE_ARCH = YES;
				SDKROOT = iphoneos;
				SWIFT_ACTIVE_COMPILATION_CONDITIONS = DEBUG;
				SWIFT_OPTIMIZATION_LEVEL = "-Onone";
			};
			name = Debug;
		};
		DF81318621CB30A1003434E2 /* Release */ = {
			isa = XCBuildConfiguration;
			buildSettings = {
				ALWAYS_SEARCH_USER_PATHS = NO;
				CLANG_ANALYZER_NONNULL = YES;
				CLANG_ANALYZER_NUMBER_OBJECT_CONVERSION = YES_AGGRESSIVE;
				CLANG_CXX_LANGUAGE_STANDARD = "gnu++14";
				CLANG_CXX_LIBRARY = "libc++";
				CLANG_ENABLE_MODULES = YES;
				CLANG_ENABLE_OBJC_ARC = YES;
				CLANG_ENABLE_OBJC_WEAK = YES;
				CLANG_WARN_BLOCK_CAPTURE_AUTORELEASING = YES;
				CLANG_WARN_BOOL_CONVERSION = YES;
				CLANG_WARN_COMMA = YES;
				CLANG_WARN_CONSTANT_CONVERSION = YES;
				CLANG_WARN_DEPRECATED_OBJC_IMPLEMENTATIONS = YES;
				CLANG_WARN_DIRECT_OBJC_ISA_USAGE = YES_ERROR;
				CLANG_WARN_DOCUMENTATION_COMMENTS = YES;
				CLANG_WARN_EMPTY_BODY = YES;
				CLANG_WARN_ENUM_CONVERSION = YES;
				CLANG_WARN_INFINITE_RECURSION = YES;
				CLANG_WARN_INT_CONVERSION = YES;
				CLANG_WARN_NON_LITERAL_NULL_CONVERSION = YES;
				CLANG_WARN_OBJC_IMPLICIT_RETAIN_SELF = YES;
				CLANG_WARN_OBJC_LITERAL_CONVERSION = YES;
				CLANG_WARN_OBJC_ROOT_CLASS = YES_ERROR;
				CLANG_WARN_RANGE_LOOP_ANALYSIS = YES;
				CLANG_WARN_STRICT_PROTOTYPES = YES;
				CLANG_WARN_SUSPICIOUS_MOVE = YES;
				CLANG_WARN_UNGUARDED_AVAILABILITY = YES_AGGRESSIVE;
				CLANG_WARN_UNREACHABLE_CODE = YES;
				CLANG_WARN__DUPLICATE_METHOD_MATCH = YES;
				CODE_SIGN_IDENTITY = "iPhone Developer";
				COPY_PHASE_STRIP = NO;
				DEBUG_INFORMATION_FORMAT = "dwarf-with-dsym";
				ENABLE_NS_ASSERTIONS = NO;
				ENABLE_STRICT_OBJC_MSGSEND = YES;
				GCC_C_LANGUAGE_STANDARD = gnu11;
				GCC_NO_COMMON_BLOCKS = YES;
				GCC_WARN_64_TO_32_BIT_CONVERSION = YES;
				GCC_WARN_ABOUT_RETURN_TYPE = YES_ERROR;
				GCC_WARN_UNDECLARED_SELECTOR = YES;
				GCC_WARN_UNINITIALIZED_AUTOS = YES_AGGRESSIVE;
				GCC_WARN_UNUSED_FUNCTION = YES;
				GCC_WARN_UNUSED_VARIABLE = YES;
				IPHONEOS_DEPLOYMENT_TARGET = 12.1;
				MTL_ENABLE_DEBUG_INFO = NO;
				MTL_FAST_MATH = YES;
				SDKROOT = iphoneos;
				SWIFT_COMPILATION_MODE = wholemodule;
				SWIFT_OPTIMIZATION_LEVEL = "-O";
				VALIDATE_PRODUCT = YES;
			};
			name = Release;
		};
		DF81318821CB30A1003434E2 /* Debug */ = {
			isa = XCBuildConfiguration;
			baseConfigurationReference = ED1FE072B05A2C53A1344E5E /* Pods-Habits.debug.xcconfig */;
			buildSettings = {
				ASSETCATALOG_COMPILER_APPICON_NAME = AppIcon;
				CODE_SIGN_STYLE = Automatic;
				DEVELOPMENT_TEAM = 84C29N4H5C;
				INFOPLIST_FILE = Habits/Info.plist;
				LD_RUNPATH_SEARCH_PATHS = (
					"$(inherited)",
					"@executable_path/Frameworks",
				);
				PRODUCT_BUNDLE_IDENTIFIER = com.lichter.Habits;
				PRODUCT_NAME = "$(TARGET_NAME)";
				SWIFT_VERSION = 4.2;
				TARGETED_DEVICE_FAMILY = "1,2";
			};
			name = Debug;
		};
		DF81318921CB30A1003434E2 /* Release */ = {
			isa = XCBuildConfiguration;
			baseConfigurationReference = 61010EF3C8108859A983601C /* Pods-Habits.release.xcconfig */;
			buildSettings = {
				ASSETCATALOG_COMPILER_APPICON_NAME = AppIcon;
				CODE_SIGN_STYLE = Automatic;
				DEVELOPMENT_TEAM = 84C29N4H5C;
				INFOPLIST_FILE = Habits/Info.plist;
				LD_RUNPATH_SEARCH_PATHS = (
					"$(inherited)",
					"@executable_path/Frameworks",
				);
				PRODUCT_BUNDLE_IDENTIFIER = com.lichter.Habits;
				PRODUCT_NAME = "$(TARGET_NAME)";
				SWIFT_VERSION = 4.2;
				TARGETED_DEVICE_FAMILY = "1,2";
			};
			name = Release;
		};
		DF81318B21CB30A1003434E2 /* Debug */ = {
			isa = XCBuildConfiguration;
			baseConfigurationReference = 20640C5565F145292D8D841A /* Pods-HabitsTests.debug.xcconfig */;
			buildSettings = {
				ALWAYS_EMBED_SWIFT_STANDARD_LIBRARIES = YES;
				BUNDLE_LOADER = "$(TEST_HOST)";
				CODE_SIGN_STYLE = Automatic;
				DEVELOPMENT_TEAM = 84C29N4H5C;
				INFOPLIST_FILE = HabitsTests/Info.plist;
				LD_RUNPATH_SEARCH_PATHS = (
					"$(inherited)",
					"@executable_path/Frameworks",
					"@loader_path/Frameworks",
				);
				PRODUCT_BUNDLE_IDENTIFIER = com.lichter.HabitsTests;
				PRODUCT_NAME = "$(TARGET_NAME)";
				SWIFT_VERSION = 4.2;
				TARGETED_DEVICE_FAMILY = "1,2";
				TEST_HOST = "$(BUILT_PRODUCTS_DIR)/Habits.app/Habits";
			};
			name = Debug;
		};
		DF81318C21CB30A1003434E2 /* Release */ = {
			isa = XCBuildConfiguration;
			baseConfigurationReference = C7CCD31BAEF6C95215514D97 /* Pods-HabitsTests.release.xcconfig */;
			buildSettings = {
				ALWAYS_EMBED_SWIFT_STANDARD_LIBRARIES = YES;
				BUNDLE_LOADER = "$(TEST_HOST)";
				CODE_SIGN_STYLE = Automatic;
				DEVELOPMENT_TEAM = 84C29N4H5C;
				INFOPLIST_FILE = HabitsTests/Info.plist;
				LD_RUNPATH_SEARCH_PATHS = (
					"$(inherited)",
					"@executable_path/Frameworks",
					"@loader_path/Frameworks",
				);
				PRODUCT_BUNDLE_IDENTIFIER = com.lichter.HabitsTests;
				PRODUCT_NAME = "$(TARGET_NAME)";
				SWIFT_VERSION = 4.2;
				TARGETED_DEVICE_FAMILY = "1,2";
				TEST_HOST = "$(BUILT_PRODUCTS_DIR)/Habits.app/Habits";
			};
			name = Release;
		};
		DF81318E21CB30A1003434E2 /* Debug */ = {
			isa = XCBuildConfiguration;
			baseConfigurationReference = A935B1B561E279AC31B20026 /* Pods-HabitsUITests.debug.xcconfig */;
			buildSettings = {
				ALWAYS_EMBED_SWIFT_STANDARD_LIBRARIES = YES;
				CODE_SIGN_STYLE = Automatic;
				DEVELOPMENT_TEAM = 84C29N4H5C;
				INFOPLIST_FILE = HabitsUITests/Info.plist;
				LD_RUNPATH_SEARCH_PATHS = (
					"$(inherited)",
					"@executable_path/Frameworks",
					"@loader_path/Frameworks",
				);
				PRODUCT_BUNDLE_IDENTIFIER = com.lichter.HabitsUITests;
				PRODUCT_NAME = "$(TARGET_NAME)";
				SWIFT_VERSION = 4.2;
				TARGETED_DEVICE_FAMILY = "1,2";
				TEST_TARGET_NAME = Habits;
			};
			name = Debug;
		};
		DF81318F21CB30A1003434E2 /* Release */ = {
			isa = XCBuildConfiguration;
			baseConfigurationReference = AFF818BF946BFD597FFC97EC /* Pods-HabitsUITests.release.xcconfig */;
			buildSettings = {
				ALWAYS_EMBED_SWIFT_STANDARD_LIBRARIES = YES;
				CODE_SIGN_STYLE = Automatic;
				DEVELOPMENT_TEAM = 84C29N4H5C;
				INFOPLIST_FILE = HabitsUITests/Info.plist;
				LD_RUNPATH_SEARCH_PATHS = (
					"$(inherited)",
					"@executable_path/Frameworks",
					"@loader_path/Frameworks",
				);
				PRODUCT_BUNDLE_IDENTIFIER = com.lichter.HabitsUITests;
				PRODUCT_NAME = "$(TARGET_NAME)";
				SWIFT_VERSION = 4.2;
				TARGETED_DEVICE_FAMILY = "1,2";
				TEST_TARGET_NAME = Habits;
			};
			name = Release;
		};
/* End XCBuildConfiguration section */

/* Begin XCConfigurationList section */
		DF81315A21CB309F003434E2 /* Build configuration list for PBXProject "Habits" */ = {
			isa = XCConfigurationList;
			buildConfigurations = (
				DF81318521CB30A1003434E2 /* Debug */,
				DF81318621CB30A1003434E2 /* Release */,
			);
			defaultConfigurationIsVisible = 0;
			defaultConfigurationName = Release;
		};
		DF81318721CB30A1003434E2 /* Build configuration list for PBXNativeTarget "Habits" */ = {
			isa = XCConfigurationList;
			buildConfigurations = (
				DF81318821CB30A1003434E2 /* Debug */,
				DF81318921CB30A1003434E2 /* Release */,
			);
			defaultConfigurationIsVisible = 0;
			defaultConfigurationName = Release;
		};
		DF81318A21CB30A1003434E2 /* Build configuration list for PBXNativeTarget "HabitsTests" */ = {
			isa = XCConfigurationList;
			buildConfigurations = (
				DF81318B21CB30A1003434E2 /* Debug */,
				DF81318C21CB30A1003434E2 /* Release */,
			);
			defaultConfigurationIsVisible = 0;
			defaultConfigurationName = Release;
		};
		DF81318D21CB30A1003434E2 /* Build configuration list for PBXNativeTarget "HabitsUITests" */ = {
			isa = XCConfigurationList;
			buildConfigurations = (
				DF81318E21CB30A1003434E2 /* Debug */,
				DF81318F21CB30A1003434E2 /* Release */,
			);
			defaultConfigurationIsVisible = 0;
			defaultConfigurationName = Release;
		};
/* End XCConfigurationList section */
	};
	rootObject = DF81315721CB309F003434E2 /* Project object */;
}
